
Microsoft Visual Studio Solution File, Format Version 12.00
# Visual Studio Version 16
VisualStudioVersion = 16.0.29519.181
MinimumVisualStudioVersion = 10.0.40219.1
Project("{FAE04EC0-301F-11D3-BF4B-00C04F79EFBC}") = "SPX_Weight", "SPX_Weight\SPX_Weight.csproj", "{3659A217-77A7-479E-A2BC-199372D507CC}"
EndProject
Project("{54435603-DBB4-11D2-8724-00A0C9A8B90C}") = "ITX_WEIGHT", "ITX_WEIGHT\ITX_WEIGHT.vdproj", "{E7B38D11-CF61-42A5-81D8-C5F0C45A2758}"
EndProject
Global
	GlobalSection(SolutionConfigurationPlatforms) = preSolution
		Debug|Any CPU = Debug|Any CPU
		Release|Any CPU = Release|Any CPU
	EndGlobalSection
	GlobalSection(ProjectConfigurationPlatforms) = postSolution
		{3659A217-77A7-479E-A2BC-199372D507CC}.Debug|Any CPU.ActiveCfg = Debug|Any CPU
		{3659A217-77A7-479E-A2BC-199372D507CC}.Debug|Any CPU.Build.0 = Debug|Any CPU
		{3659A217-77A7-479E-A2BC-199372D507CC}.Release|Any CPU.ActiveCfg = Release|Any CPU
		{3659A217-77A7-479E-A2BC-199372D507CC}.Release|Any CPU.Build.0 = Release|Any CPU
		{E7B38D11-CF61-42A5-81D8-C5F0C45A2758}.Debug|Any CPU.ActiveCfg = Debug
		{E7B38D11-CF61-42A5-81D8-C5F0C45A2758}.Release|Any CPU.ActiveCfg = Release
	EndGlobalSection
	GlobalSection(SolutionProperties) = preSolution
		HideSolutionNode = FALSE
	EndGlobalSection
	GlobalSection(ExtensibilityGlobals) = postSolution
		SolutionGuid = {C40E57F9-E834-4C8A-922F-71EEDA51DA48}
	EndGlobalSection
EndGlobal
